
Microsoft Visual Studio Solution File, Format Version 12.00
# Visual Studio Version 17
VisualStudioVersion = 17.1.32210.238
MinimumVisualStudioVersion = 10.0.40219.1
Project("{FAE04EC0-301F-11D3-BF4B-00C04F79EFBC}") = "HADBOL", "HADBOL\HADBOL.csproj", "{ABCE33B5-DB48-483B-B7CE-D8732D61A827}"
EndProject
Global
	GlobalSection(SolutionConfigurationPlatforms) = preSolution
		Debug|Any CPU = Debug|Any CPU
		Release|Any CPU = Release|Any CPU
	EndGlobalSection
	GlobalSection(ProjectConfigurationPlatforms) = postSolution
		{ABCE33B5-DB48-483B-B7CE-D8732D61A827}.Debug|Any CPU.ActiveCfg = Debug|Any CPU
		{ABCE33B5-DB48-483B-B7CE-D8732D61A827}.Debug|Any CPU.Build.0 = Debug|Any CPU
		{ABCE33B5-DB48-483B-B7CE-D8732D61A827}.Release|Any CPU.ActiveCfg = Release|Any CPU
		{ABCE33B5-DB48-483B-B7CE-D8732D61A827}.Release|Any CPU.Build.0 = Release|Any CPU
	EndGlobalSection
	GlobalSection(SolutionProperties) = preSolution
		HideSolutionNode = FALSE
	EndGlobalSection
	GlobalSection(ExtensibilityGlobals) = postSolution
		SolutionGuid = {9E61F5F8-ACEC-4016-9964-D78E4EA3E28A}
	EndGlobalSection
EndGlobal
